
Microsoft Visual Studio Solution File, Format Version 12.00
# Visual Studio Version 17
VisualStudioVersion = 17.14.37411.7
MinimumVisualStudioVersion = 10.0.40219.1
Project("{FAE04EC0-301F-11D3-BF4B-00C04F79EFBC}") = "APIHealthMonitoring.API", "SRC\APIHealthMonitoring.API\APIHealthMonitoring.API.csproj", "{D316C4A9-99DB-D204-1B02-12A9EC7DD643}"
EndProject
Project("{FAE04EC0-301F-11D3-BF4B-00C04F79EFBC}") = "APIHealthMonitoring.Application", "SRC\APIHealthMonitoring.Application\APIHealthMonitoring.Application.csproj", "{1A142CB9-16BF-29CF-A9E0-5B2993C8DB0E}"
EndProject
Project("{FAE04EC0-301F-11D3-BF4B-00C04F79EFBC}") = "APIHealthMonitoring.Domain", "SRC\APIHealthMonitoring.Domain\APIHealthMonitoring.Domain.csproj", "{62E4C539-E850-FFC1-85E0-4D822BBAECCD}"
EndProject
Project("{FAE04EC0-301F-11D3-BF4B-00C04F79EFBC}") = "APIHealthMonitoring.Infrastructure", "SRC\APIHealthMonitoring.Infrastructure\APIHealthMonitoring.Infrastructure.csproj", "{B40DCA63-CDEC-EC7E-AEF3-0018A7EFAFC6}"
EndProject
Project("{FAE04EC0-301F-11D3-BF4B-00C04F79EFBC}") = "APIHealthMonitoring.Persistence", "SRC\APIHealthMonitoring.Persistence\APIHealthMonitoring.Persistence.csproj", "{9BBC9D38-B646-E4BD-0974-E4482CCE630E}"
EndProject
Project("{2150E333-8FDC-42A3-9474-1A3956D46DE8}") = "Fake", "Fake", "{02EA681E-C7D8-13C7-8484-4AC65E1B71E8}"
EndProject
Project("{2150E333-8FDC-42A3-9474-1A3956D46DE8}") = "Tests", "Tests", "{F9A0A333-092C-4158-9A75-EA36383DFF00}"
EndProject
Project("{FAE04EC0-301F-11D3-BF4B-00C04F79EFBC}") = "FakeServices.API", "Fake\FakeServices.API\FakeServices.API.csproj", "{70418698-44CC-CA75-1ADD-5A35F8677BA8}"
EndProject
Project("{FAE04EC0-301F-11D3-BF4B-00C04F79EFBC}") = "APIHealthMonitoring.UnitTests", "tests\APIHealthMonitoring.UnitTests\APIHealthMonitoring.UnitTests.csproj", "{FFE02EF4-B84A-4AF4-8C8E-F503B4FC7AE0}"
EndProject
Global
	GlobalSection(SolutionConfigurationPlatforms) = preSolution
		Debug|Any CPU = Debug|Any CPU
		Debug|x64 = Debug|x64
		Debug|x86 = Debug|x86
		Release|Any CPU = Release|Any CPU
		Release|x64 = Release|x64
		Release|x86 = Release|x86
	EndGlobalSection
	GlobalSection(ProjectConfigurationPlatforms) = postSolution
		{D316C4A9-99DB-D204-1B02-12A9EC7DD643}.Debug|Any CPU.ActiveCfg = Debug|Any CPU
		{D316C4A9-99DB-D204-1B02-12A9EC7DD643}.Debug|Any CPU.Build.0 = Debug|Any CPU
		{D316C4A9-99DB-D204-1B02-12A9EC7DD643}.Debug|x64.ActiveCfg = Debug|Any CPU
		{D316C4A9-99DB-D204-1B02-12A9EC7DD643}.Debug|x64.Build.0 = Debug|Any CPU
		{D316C4A9-99DB-D204-1B02-12A9EC7DD643}.Debug|x86.ActiveCfg = Debug|Any CPU
		{D316C4A9-99DB-D204-1B02-12A9EC7DD643}.Debug|x86.Build.0 = Debug|Any CPU
		{D316C4A9-99DB-D204-1B02-12A9EC7DD643}.Release|Any CPU.ActiveCfg = Release|Any CPU
		{D316C4A9-99DB-D204-1B02-12A9EC7DD643}.Release|Any CPU.Build.0 = Release|Any CPU
		{D316C4A9-99DB-D204-1B02-12A9EC7DD643}.Release|x64.ActiveCfg = Release|Any CPU
		{D316C4A9-99DB-D204-1B02-12A9EC7DD643}.Release|x64.Build.0 = Release|Any CPU
		{D316C4A9-99DB-D204-1B02-12A9EC7DD643}.Release|x86.ActiveCfg = Release|Any CPU
		{D316C4A9-99DB-D204-1B02-12A9EC7DD643}.Release|x86.Build.0 = Release|Any CPU
		{1A142CB9-16BF-29CF-A9E0-5B2993C8DB0E}.Debug|Any CPU.ActiveCfg = Debug|Any CPU
		{1A142CB9-16BF-29CF-A9E0-5B2993C8DB0E}.Debug|Any CPU.Build.0 = Debug|Any CPU
		{1A142CB9-16BF-29CF-A9E0-5B2993C8DB0E}.Debug|x64.ActiveCfg = Debug|Any CPU
		{1A142CB9-16BF-29CF-A9E0-5B2993C8DB0E}.Debug|x64.Build.0 = Debug|Any CPU
		{1A142CB9-16BF-29CF-A9E0-5B2993C8DB0E}.Debug|x86.ActiveCfg = Debug|Any CPU
		{1A142CB9-16BF-29CF-A9E0-5B2993C8DB0E}.Debug|x86.Build.0 = Debug|Any CPU
		{1A142CB9-16BF-29CF-A9E0-5B2993C8DB0E}.Release|Any CPU.ActiveCfg = Release|Any CPU
		{1A142CB9-16BF-29CF-A9E0-5B2993C8DB0E}.Release|Any CPU.Build.0 = Release|Any CPU
		{1A142CB9-16BF-29CF-A9E0-5B2993C8DB0E}.Release|x64.ActiveCfg = Release|Any CPU
		{1A142CB9-16BF-29CF-A9E0-5B2993C8DB0E}.Release|x64.Build.0 = Release|Any CPU
		{1A142CB9-16BF-29CF-A9E0-5B2993C8DB0E}.Release|x86.ActiveCfg = Release|Any CPU
		{1A142CB9-16BF-29CF-A9E0-5B2993C8DB0E}.Release|x86.Build.0 = Release|Any CPU
		{62E4C539-E850-FFC1-85E0-4D822BBAECCD}.Debug|Any CPU.ActiveCfg = Debug|Any CPU
		{62E4C539-E850-FFC1-85E0-4D822BBAECCD}.Debug|Any CPU.Build.0 = Debug|Any CPU
		{62E4C539-E850-FFC1-85E0-4D822BBAECCD}.Debug|x64.ActiveCfg = Debug|Any CPU
		{62E4C539-E850-FFC1-85E0-4D822BBAECCD}.Debug|x64.Build.0 = Debug|Any CPU
		{62E4C539-E850-FFC1-85E0-4D822BBAECCD}.Debug|x86.ActiveCfg = Debug|Any CPU
		{62E4C539-E850-FFC1-85E0-4D822BBAECCD}.Debug|x86.Build.0 = Debug|Any CPU
		{62E4C539-E850-FFC1-85E0-4D822BBAECCD}.Release|Any CPU.ActiveCfg = Release|Any CPU
		{62E4C539-E850-FFC1-85E0-4D822BBAECCD}.Release|Any CPU.Build.0 = Release|Any CPU
		{62E4C539-E850-FFC1-85E0-4D822BBAECCD}.Release|x64.ActiveCfg = Release|Any CPU
		{62E4C539-E850-FFC1-85E0-4D822BBAECCD}.Release|x64.Build.0 = Release|Any CPU
		{62E4C539-E850-FFC1-85E0-4D822BBAECCD}.Release|x86.ActiveCfg = Release|Any CPU
		{62E4C539-E850-FFC1-85E0-4D822BBAECCD}.Release|x86.Build.0 = Release|Any CPU
		{B40DCA63-CDEC-EC7E-AEF3-0018A7EFAFC6}.Debug|Any CPU.ActiveCfg = Debug|Any CPU
		{B40DCA63-CDEC-EC7E-AEF3-0018A7EFAFC6}.Debug|Any CPU.Build.0 = Debug|Any CPU
		{B40DCA63-CDEC-EC7E-AEF3-0018A7EFAFC6}.Debug|x64.ActiveCfg = Debug|Any CPU
		{B40DCA63-CDEC-EC7E-AEF3-0018A7EFAFC6}.Debug|x64.Build.0 = Debug|Any CPU
		{B40DCA63-CDEC-EC7E-AEF3-0018A7EFAFC6}.Debug|x86.ActiveCfg = Debug|Any CPU
		{B40DCA63-CDEC-EC7E-AEF3-0018A7EFAFC6}.Debug|x86.Build.0 = Debug|Any CPU
		{B40DCA63-CDEC-EC7E-AEF3-0018A7EFAFC6}.Release|Any CPU.ActiveCfg = Release|Any CPU
		{B40DCA63-CDEC-EC7E-AEF3-0018A7EFAFC6}.Release|Any CPU.Build.0 = Release|Any CPU
		{B40DCA63-CDEC-EC7E-AEF3-0018A7EFAFC6}.Release|x64.ActiveCfg = Release|Any CPU
		{B40DCA63-CDEC-EC7E-AEF3-0018A7EFAFC6}.Release|x64.Build.0 = Release|Any CPU
		{B40DCA63-CDEC-EC7E-AEF3-0018A7EFAFC6}.Release|x86.ActiveCfg = Release|Any CPU
		{B40DCA63-CDEC-EC7E-AEF3-0018A7EFAFC6}.Release|x86.Build.0 = Release|Any CPU
		{9BBC9D38-B646-E4BD-0974-E4482CCE630E}.Debug|Any CPU.ActiveCfg = Debug|Any CPU
		{9BBC9D38-B646-E4BD-0974-E4482CCE630E}.Debug|Any CPU.Build.0 = Debug|Any CPU
		{9BBC9D38-B646-E4BD-0974-E4482CCE630E}.Debug|x64.ActiveCfg = Debug|Any CPU
		{9BBC9D38-B646-E4BD-0974-E4482CCE630E}.Debug|x64.Build.0 = Debug|Any CPU
		{9BBC9D38-B646-E4BD-0974-E4482CCE630E}.Debug|x86.ActiveCfg = Debug|Any CPU
		{9BBC9D38-B646-E4BD-0974-E4482CCE630E}.Debug|x86.Build.0 = Debug|Any CPU
		{9BBC9D38-B646-E4BD-0974-E4482CCE630E}.Release|Any CPU.ActiveCfg = Release|Any CPU
		{9BBC9D38-B646-E4BD-0974-E4482CCE630E}.Release|Any CPU.Build.0 = Release|Any CPU
		{9BBC9D38-B646-E4BD-0974-E4482CCE630E}.Release|x64.ActiveCfg = Release|Any CPU
		{9BBC9D38-B646-E4BD-0974-E4482CCE630E}.Release|x64.Build.0 = Release|Any CPU
		{9BBC9D38-B646-E4BD-0974-E4482CCE630E}.Release|x86.ActiveCfg = Release|Any CPU
		{9BBC9D38-B646-E4BD-0974-E4482CCE630E}.Release|x86.Build.0 = Release|Any CPU
		{70418698-44CC-CA75-1ADD-5A35F8677BA8}.Debug|Any CPU.ActiveCfg = Debug|Any CPU
		{70418698-44CC-CA75-1ADD-5A35F8677BA8}.Debug|Any CPU.Build.0 = Debug|Any CPU
		{70418698-44CC-CA75-1ADD-5A35F8677BA8}.Debug|x64.ActiveCfg = Debug|Any CPU
		{70418698-44CC-CA75-1ADD-5A35F8677BA8}.Debug|x64.Build.0 = Debug|Any CPU
		{70418698-44CC-CA75-1ADD-5A35F8677BA8}.Debug|x86.ActiveCfg = Debug|Any CPU
		{70418698-44CC-CA75-1ADD-5A35F8677BA8}.Debug|x86.Build.0 = Debug|Any CPU
		{70418698-44CC-CA75-1ADD-5A35F8677BA8}.Release|Any CPU.ActiveCfg = Release|Any CPU
		{70418698-44CC-CA75-1ADD-5A35F8677BA8}.Release|Any CPU.Build.0 = Release|Any CPU
		{70418698-44CC-CA75-1ADD-5A35F8677BA8}.Release|x64.ActiveCfg = Release|Any CPU
		{70418698-44CC-CA75-1ADD-5A35F8677BA8}.Release|x64.Build.0 = Release|Any CPU
		{70418698-44CC-CA75-1ADD-5A35F8677BA8}.Release|x86.ActiveCfg = Release|Any CPU
		{70418698-44CC-CA75-1ADD-5A35F8677BA8}.Release|x86.Build.0 = Release|Any CPU
		{FFE02EF4-B84A-4AF4-8C8E-F503B4FC7AE0}.Debug|Any CPU.ActiveCfg = Debug|Any CPU
		{FFE02EF4-B84A-4AF4-8C8E-F503B4FC7AE0}.Debug|Any CPU.Build.0 = Debug|Any CPU
		{FFE02EF4-B84A-4AF4-8C8E-F503B4FC7AE0}.Debug|x64.ActiveCfg = Debug|Any CPU
		{FFE02EF4-B84A-4AF4-8C8E-F503B4FC7AE0}.Debug|x64.Build.0 = Debug|Any CPU
		{FFE02EF4-B84A-4AF4-8C8E-F503B4FC7AE0}.Debug|x86.ActiveCfg = Debug|Any CPU
		{FFE02EF4-B84A-4AF4-8C8E-F503B4FC7AE0}.Debug|x86.Build.0 = Debug|Any CPU
		{FFE02EF4-B84A-4AF4-8C8E-F503B4FC7AE0}.Release|Any CPU.ActiveCfg = Release|Any CPU
		{FFE02EF4-B84A-4AF4-8C8E-F503B4FC7AE0}.Release|Any CPU.Build.0 = Release|Any CPU
		{FFE02EF4-B84A-4AF4-8C8E-F503B4FC7AE0}.Release|x64.ActiveCfg = Release|Any CPU
		{FFE02EF4-B84A-4AF4-8C8E-F503B4FC7AE0}.Release|x64.Build.0 = Release|Any CPU
		{FFE02EF4-B84A-4AF4-8C8E-F503B4FC7AE0}.Release|x86.ActiveCfg = Release|Any CPU
		{FFE02EF4-B84A-4AF4-8C8E-F503B4FC7AE0}.Release|x86.Build.0 = Release|Any CPU
	EndGlobalSection
	GlobalSection(SolutionProperties) = preSolution
		HideSolutionNode = FALSE
	EndGlobalSection
	GlobalSection(NestedProjects) = preSolution
		{70418698-44CC-CA75-1ADD-5A35F8677BA8} = {02EA681E-C7D8-13C7-8484-4AC65E1B71E8}
		{FFE02EF4-B84A-4AF4-8C8E-F503B4FC7AE0} = {F9A0A333-092C-4158-9A75-EA36383DFF00}
	EndGlobalSection
	GlobalSection(ExtensibilityGlobals) = postSolution
		SolutionGuid = {2B743B68-922F-411F-A1FF-21C4CED7C0A5}
	EndGlobalSection
EndGlobal
